
Microsoft Visual Studio Solution File, Format Version 12.00
# Visual Studio Version 17
VisualStudioVersion = 17.9.34607.119
MinimumVisualStudioVersion = 10.0.40219.1
Project("{FAE04EC0-301F-11D3-BF4B-00C04F79EFBC}") = "Kalapacsvetess", "Kalapacsvetess\Kalapacsvetess.csproj", "{E34F10FC-C3D2-44B9-8F70-DE1B6CBA5188}"
EndProject
Global
	GlobalSection(SolutionConfigurationPlatforms) = preSolution
		Debug|Any CPU = Debug|Any CPU
		Release|Any CPU = Release|Any CPU
	EndGlobalSection
	GlobalSection(ProjectConfigurationPlatforms) = postSolution
		{E34F10FC-C3D2-44B9-8F70-DE1B6CBA5188}.Debug|Any CPU.ActiveCfg = Debug|Any CPU
		{E34F10FC-C3D2-44B9-8F70-DE1B6CBA5188}.Debug|Any CPU.Build.0 = Debug|Any CPU
		{E34F10FC-C3D2-44B9-8F70-DE1B6CBA5188}.Release|Any CPU.ActiveCfg = Release|Any CPU
		{E34F10FC-C3D2-44B9-8F70-DE1B6CBA5188}.Release|Any CPU.Build.0 = Release|Any CPU
	EndGlobalSection
	GlobalSection(SolutionProperties) = preSolution
		HideSolutionNode = FALSE
	EndGlobalSection
	GlobalSection(ExtensibilityGlobals) = postSolution
		SolutionGuid = {00E3784D-08AB-48A5-BF4C-30406892A9C7}
	EndGlobalSection
EndGlobal
